
Microsoft Visual Studio Solution File, Format Version 12.00
# Visual Studio Version 17
VisualStudioVersion = 17.2.32630.192
MinimumVisualStudioVersion = 10.0.40219.1
Project("{FAE04EC0-301F-11D3-BF4B-00C04F79EFBC}") = "SamuraiWebAPI", "SamuraiWebAPI\SamuraiWebAPI.csproj", "{304D547B-5BF0-4A9C-8A95-DFE170374EC2}"
EndProject
Project("{FAE04EC0-301F-11D3-BF4B-00C04F79EFBC}") = "SamuraiWebAPI.Models", "SamuraiWebAPI.Models\SamuraiWebAPI.Models.csproj", "{9BF5AB74-D37F-47D9-BA9B-6FEA4A622A5F}"
EndProject
Project("{FAE04EC0-301F-11D3-BF4B-00C04F79EFBC}") = "SamuraiWebAPI.Data", "SamuraiWebAPI.Data\SamuraiWebAPI.Data.csproj", "{0B650BC3-3CB9-4947-9CCC-11877BF873CE}"
EndProject
Global
	GlobalSection(SolutionConfigurationPlatforms) = preSolution
		Debug|Any CPU = Debug|Any CPU
		Release|Any CPU = Release|Any CPU
	EndGlobalSection
	GlobalSection(ProjectConfigurationPlatforms) = postSolution
		{304D547B-5BF0-4A9C-8A95-DFE170374EC2}.Debug|Any CPU.ActiveCfg = Debug|Any CPU
		{304D547B-5BF0-4A9C-8A95-DFE170374EC2}.Debug|Any CPU.Build.0 = Debug|Any CPU
		{304D547B-5BF0-4A9C-8A95-DFE170374EC2}.Release|Any CPU.ActiveCfg = Release|Any CPU
		{304D547B-5BF0-4A9C-8A95-DFE170374EC2}.Release|Any CPU.Build.0 = Release|Any CPU
		{9BF5AB74-D37F-47D9-BA9B-6FEA4A622A5F}.Debug|Any CPU.ActiveCfg = Debug|Any CPU
		{9BF5AB74-D37F-47D9-BA9B-6FEA4A622A5F}.Debug|Any CPU.Build.0 = Debug|Any CPU
		{9BF5AB74-D37F-47D9-BA9B-6FEA4A622A5F}.Release|Any CPU.ActiveCfg = Release|Any CPU
		{9BF5AB74-D37F-47D9-BA9B-6FEA4A622A5F}.Release|Any CPU.Build.0 = Release|Any CPU
		{0B650BC3-3CB9-4947-9CCC-11877BF873CE}.Debug|Any CPU.ActiveCfg = Debug|Any CPU
		{0B650BC3-3CB9-4947-9CCC-11877BF873CE}.Debug|Any CPU.Build.0 = Debug|Any CPU
		{0B650BC3-3CB9-4947-9CCC-11877BF873CE}.Release|Any CPU.ActiveCfg = Release|Any CPU
		{0B650BC3-3CB9-4947-9CCC-11877BF873CE}.Release|Any CPU.Build.0 = Release|Any CPU
	EndGlobalSection
	GlobalSection(SolutionProperties) = preSolution
		HideSolutionNode = FALSE
	EndGlobalSection
	GlobalSection(ExtensibilityGlobals) = postSolution
		SolutionGuid = {96F5D3E2-6292-4C80-981E-1C7E976453FF}
	EndGlobalSection
EndGlobal
